
Microsoft Visual Studio Solution File, Format Version 12.00
# Visual Studio Version 16
VisualStudioVersion = 16.0.29021.104
MinimumVisualStudioVersion = 10.0.40219.1
Project("{9A19103F-16F7-4668-BE54-9A1E7A4F7556}") = "Boilerplate.API", "Boilerplate.API\Boilerplate.API.csproj", "{9264DF8A-3D9D-4473-AEA3-71A17D0135F2}"
EndProject
Project("{9A19103F-16F7-4668-BE54-9A1E7A4F7556}") = "Boilerplate.CQRS", "Boilerplate.CQRS\Boilerplate.CQRS.csproj", "{A60CAD50-F675-4DBA-ACA4-21C43297361D}"
EndProject
Global
	GlobalSection(SolutionConfigurationPlatforms) = preSolution
		Debug|Any CPU = Debug|Any CPU
		Release|Any CPU = Release|Any CPU
	EndGlobalSection
	GlobalSection(ProjectConfigurationPlatforms) = postSolution
		{9264DF8A-3D9D-4473-AEA3-71A17D0135F2}.Debug|Any CPU.ActiveCfg = Debug|Any CPU
		{9264DF8A-3D9D-4473-AEA3-71A17D0135F2}.Debug|Any CPU.Build.0 = Debug|Any CPU
		{9264DF8A-3D9D-4473-AEA3-71A17D0135F2}.Release|Any CPU.ActiveCfg = Release|Any CPU
		{9264DF8A-3D9D-4473-AEA3-71A17D0135F2}.Release|Any CPU.Build.0 = Release|Any CPU
		{A60CAD50-F675-4DBA-ACA4-21C43297361D}.Debug|Any CPU.ActiveCfg = Debug|Any CPU
		{A60CAD50-F675-4DBA-ACA4-21C43297361D}.Debug|Any CPU.Build.0 = Debug|Any CPU
		{A60CAD50-F675-4DBA-ACA4-21C43297361D}.Release|Any CPU.ActiveCfg = Release|Any CPU
		{A60CAD50-F675-4DBA-ACA4-21C43297361D}.Release|Any CPU.Build.0 = Release|Any CPU
	EndGlobalSection
	GlobalSection(SolutionProperties) = preSolution
		HideSolutionNode = FALSE
	EndGlobalSection
	GlobalSection(ExtensibilityGlobals) = postSolution
		SolutionGuid = {3494CDC0-C2B7-4365-BB4C-0C591CD1B20E}
	EndGlobalSection
EndGlobal
